
Microsoft Visual Studio Solution File, Format Version 12.00
# Visual Studio Version 17
VisualStudioVersion = 17.9.34714.143
MinimumVisualStudioVersion = 10.0.40219.1
Project("{9A19103F-16F7-4668-BE54-9A1E7A4F7556}") = "carrosRapidosUau", "carrosRapidosUau.csproj", "{F46C5733-70BE-4116-8141-5CF71A3A6BC5}"
EndProject
Project("{FAE04EC0-301F-11D3-BF4B-00C04F79EFBC}") = "CarroServico", "..\CarroServico\CarroServico.csproj", "{284F5D84-711F-4B00-9E71-2153EC5B4223}"
EndProject
Global
	GlobalSection(SolutionConfigurationPlatforms) = preSolution
		Debug|Any CPU = Debug|Any CPU
		Release|Any CPU = Release|Any CPU
	EndGlobalSection
	GlobalSection(ProjectConfigurationPlatforms) = postSolution
		{F46C5733-70BE-4116-8141-5CF71A3A6BC5}.Debug|Any CPU.ActiveCfg = Debug|Any CPU
		{F46C5733-70BE-4116-8141-5CF71A3A6BC5}.Debug|Any CPU.Build.0 = Debug|Any CPU
		{F46C5733-70BE-4116-8141-5CF71A3A6BC5}.Release|Any CPU.ActiveCfg = Release|Any CPU
		{F46C5733-70BE-4116-8141-5CF71A3A6BC5}.Release|Any CPU.Build.0 = Release|Any CPU
		{284F5D84-711F-4B00-9E71-2153EC5B4223}.Debug|Any CPU.ActiveCfg = Debug|Any CPU
		{284F5D84-711F-4B00-9E71-2153EC5B4223}.Debug|Any CPU.Build.0 = Debug|Any CPU
		{284F5D84-711F-4B00-9E71-2153EC5B4223}.Release|Any CPU.ActiveCfg = Release|Any CPU
		{284F5D84-711F-4B00-9E71-2153EC5B4223}.Release|Any CPU.Build.0 = Release|Any CPU
	EndGlobalSection
	GlobalSection(SolutionProperties) = preSolution
		HideSolutionNode = FALSE
	EndGlobalSection
	GlobalSection(ExtensibilityGlobals) = postSolution
		SolutionGuid = {51AC365E-3AE0-4908-8082-E83E7EBA2C84}
	EndGlobalSection
EndGlobal
